
Microsoft Visual Studio Solution File, Format Version 12.00
# Visual Studio Version 16
VisualStudioVersion = 16.0.29102.190
MinimumVisualStudioVersion = 10.0.40219.1
Project("{FAE04EC0-301F-11D3-BF4B-00C04F79EFBC}") = "TechnicalTest.LightsOut.GUI", "TechnicalTest.LightsOut.GUI\TechnicalTest.LightsOut.GUI.csproj", "{8724DED1-3CE2-4510-9898-83CC0E709A93}"
EndProject
Project("{FAE04EC0-301F-11D3-BF4B-00C04F79EFBC}") = "TechnicalTest.LightsOut", "TechnicalTest.LightsOut\TechnicalTest.LightsOut.csproj", "{D965E7DE-11F6-4AAB-8E91-379EBA00C17E}"
EndProject
Project("{FAE04EC0-301F-11D3-BF4B-00C04F79EFBC}") = "TechnicalTest.LightsOut.Tests", "TechnicalTest.LightsOut.Tests\TechnicalTest.LightsOut.Tests.csproj", "{5BA6658F-62A8-422A-9A5A-848BCB3818C2}"
EndProject
Global
	GlobalSection(SolutionConfigurationPlatforms) = preSolution
		Debug|Any CPU = Debug|Any CPU
		Release|Any CPU = Release|Any CPU
	EndGlobalSection
	GlobalSection(ProjectConfigurationPlatforms) = postSolution
		{8724DED1-3CE2-4510-9898-83CC0E709A93}.Debug|Any CPU.ActiveCfg = Debug|Any CPU
		{8724DED1-3CE2-4510-9898-83CC0E709A93}.Debug|Any CPU.Build.0 = Debug|Any CPU
		{8724DED1-3CE2-4510-9898-83CC0E709A93}.Release|Any CPU.ActiveCfg = Release|Any CPU
		{8724DED1-3CE2-4510-9898-83CC0E709A93}.Release|Any CPU.Build.0 = Release|Any CPU
		{D965E7DE-11F6-4AAB-8E91-379EBA00C17E}.Debug|Any CPU.ActiveCfg = Debug|Any CPU
		{D965E7DE-11F6-4AAB-8E91-379EBA00C17E}.Debug|Any CPU.Build.0 = Debug|Any CPU
		{D965E7DE-11F6-4AAB-8E91-379EBA00C17E}.Release|Any CPU.ActiveCfg = Release|Any CPU
		{D965E7DE-11F6-4AAB-8E91-379EBA00C17E}.Release|Any CPU.Build.0 = Release|Any CPU
		{5BA6658F-62A8-422A-9A5A-848BCB3818C2}.Debug|Any CPU.ActiveCfg = Debug|Any CPU
		{5BA6658F-62A8-422A-9A5A-848BCB3818C2}.Debug|Any CPU.Build.0 = Debug|Any CPU
		{5BA6658F-62A8-422A-9A5A-848BCB3818C2}.Release|Any CPU.ActiveCfg = Release|Any CPU
		{5BA6658F-62A8-422A-9A5A-848BCB3818C2}.Release|Any CPU.Build.0 = Release|Any CPU
	EndGlobalSection
	GlobalSection(SolutionProperties) = preSolution
		HideSolutionNode = FALSE
	EndGlobalSection
	GlobalSection(ExtensibilityGlobals) = postSolution
		SolutionGuid = {7BA82A9C-854F-4304-BFD3-C82FAFC490FC}
	EndGlobalSection
EndGlobal
